// !$*UTF8*$!
{
	archiveVersion = 1;
	classes = {
	};
	objectVersion = 56;
	objects = {

/* Begin PBXBuildFile section */
		0E31F7752D46636F00BDA817 /* TodoModel.swift in Sources */ = {isa = PBXBuildFile; fileRef = 0E31F7742D46636F00BDA817 /* TodoModel.swift */; };
		0E31F7772D46672000BDA817 /* DateFormatService.swift in Sources */ = {isa = PBXBuildFile; fileRef = 0E31F7762D46672000BDA817 /* DateFormatService.swift */; };
		0E31F7792D46672F00BDA817 /* TodoService.swift in Sources */ = {isa = PBXBuildFile; fileRef = 0E31F7782D46672F00BDA817 /* TodoService.swift */; };
		0E31F77B2D46677200BDA817 /* EventStatusService.swift in Sources */ = {isa = PBXBuildFile; fileRef = 0E31F77A2D46677200BDA817 /* EventStatusService.swift */; };
		0E41CF072D464F5900C85783 /* AddTodoView.swift in Sources */ = {isa = PBXBuildFile; fileRef = 0E41CF062D464F5900C85783 /* AddTodoView.swift */; };
		0E41CF092D464F7900C85783 /* TodoDetailView.swift in Sources */ = {isa = PBXBuildFile; fileRef = 0E41CF082D464F7900C85783 /* TodoDetailView.swift */; };
		0E89EB062D45AB4000DCBE99 /* Free_Time_TrackerApp.swift in Sources */ = {isa = PBXBuildFile; fileRef = 0E89EB052D45AB4000DCBE99 /* Free_Time_TrackerApp.swift */; };
		0E89EB082D45AB4000DCBE99 /* ContentView.swift in Sources */ = {isa = PBXBuildFile; fileRef = 0E89EB072D45AB4000DCBE99 /* ContentView.swift */; };
		0E89EB0A2D45AB4100DCBE99 /* Assets.xcassets in Resources */ = {isa = PBXBuildFile; fileRef = 0E89EB092D45AB4100DCBE99 /* Assets.xcassets */; };
		0E89EB0D2D45AB4100DCBE99 /* Preview Assets.xcassets in Resources */ = {isa = PBXBuildFile; fileRef = 0E89EB0C2D45AB4100DCBE99 /* Preview Assets.xcassets */; };
		0E89EB172D45AB4100DCBE99 /* Free_Time_TrackerTests.swift in Sources */ = {isa = PBXBuildFile; fileRef = 0E89EB162D45AB4100DCBE99 /* Free_Time_TrackerTests.swift */; };
		0E89EB212D45AB4100DCBE99 /* Free_Time_TrackerUITests.swift in Sources */ = {isa = PBXBuildFile; fileRef = 0E89EB202D45AB4100DCBE99 /* Free_Time_TrackerUITests.swift */; };
		0E89EB232D45AB4100DCBE99 /* Free_Time_TrackerUITestsLaunchTests.swift in Sources */ = {isa = PBXBuildFile; fileRef = 0E89EB222D45AB4100DCBE99 /* Free_Time_TrackerUITestsLaunchTests.swift */; };
/* End PBXBuildFile section */

/* Begin PBXContainerItemProxy section */
		0E89EB132D45AB4100DCBE99 /* PBXContainerItemProxy */ = {
			isa = PBXContainerItemProxy;
			containerPortal = 0E89EAFA2D45AB4000DCBE99 /* Project object */;
			proxyType = 1;
			remoteGlobalIDString = 0E89EB012D45AB4000DCBE99;
			remoteInfo = "Free Time Tracker";
		};
		0E89EB1D2D45AB4100DCBE99 /* PBXContainerItemProxy */ = {
			isa = PBXContainerItemProxy;
			containerPortal = 0E89EAFA2D45AB4000DCBE99 /* Project object */;
			proxyType = 1;
			remoteGlobalIDString = 0E89EB012D45AB4000DCBE99;
			remoteInfo = "Free Time Tracker";
		};
/* End PBXContainerItemProxy section */

/* Begin PBXFileReference section */
		0E31F7742D46636F00BDA817 /* TodoModel.swift */ = {isa = PBXFileReference; lastKnownFileType = sourcecode.swift; path = TodoModel.swift; sourceTree = "<group>"; };
		0E31F7762D46672000BDA817 /* DateFormatService.swift */ = {isa = PBXFileReference; lastKnownFileType = sourcecode.swift; path = DateFormatService.swift; sourceTree = "<group>"; };
		0E31F7782D46672F00BDA817 /* TodoService.swift */ = {isa = PBXFileReference; lastKnownFileType = sourcecode.swift; path = TodoService.swift; sourceTree = "<group>"; };
		0E31F77A2D46677200BDA817 /* EventStatusService.swift */ = {isa = PBXFileReference; lastKnownFileType = sourcecode.swift; path = EventStatusService.swift; sourceTree = "<group>"; };
		0E41CF062D464F5900C85783 /* AddTodoView.swift */ = {isa = PBXFileReference; lastKnownFileType = sourcecode.swift; path = AddTodoView.swift; sourceTree = "<group>"; };
		0E41CF082D464F7900C85783 /* TodoDetailView.swift */ = {isa = PBXFileReference; lastKnownFileType = sourcecode.swift; path = TodoDetailView.swift; sourceTree = "<group>"; };
		0E89EB022D45AB4000DCBE99 /* Free Time Tracker.app */ = {isa = PBXFileReference; explicitFileType = wrapper.application; includeInIndex = 0; path = "Free Time Tracker.app"; sourceTree = BUILT_PRODUCTS_DIR; };
		0E89EB052D45AB4000DCBE99 /* Free_Time_TrackerApp.swift */ = {isa = PBXFileReference; lastKnownFileType = sourcecode.swift; path = Free_Time_TrackerApp.swift; sourceTree = "<group>"; };
		0E89EB072D45AB4000DCBE99 /* ContentView.swift */ = {isa = PBXFileReference; lastKnownFileType = sourcecode.swift; path = ContentView.swift; sourceTree = "<group>"; };
		0E89EB092D45AB4100DCBE99 /* Assets.xcassets */ = {isa = PBXFileReference; lastKnownFileType = folder.assetcatalog; path = Assets.xcassets; sourceTree = "<group>"; };
		0E89EB0C2D45AB4100DCBE99 /* Preview Assets.xcassets */ = {isa = PBXFileReference; lastKnownFileType = folder.assetcatalog; path = "Preview Assets.xcassets"; sourceTree = "<group>"; };
		0E89EB122D45AB4100DCBE99 /* Free Time TrackerTests.xctest */ = {isa = PBXFileReference; explicitFileType = wrapper.cfbundle; includeInIndex = 0; path = "Free Time TrackerTests.xctest"; sourceTree = BUILT_PRODUCTS_DIR; };
		0E89EB162D45AB4100DCBE99 /* Free_Time_TrackerTests.swift */ = {isa = PBXFileReference; lastKnownFileType = sourcecode.swift; path = Free_Time_TrackerTests.swift; sourceTree = "<group>"; };
		0E89EB1C2D45AB4100DCBE99 /* Free Time TrackerUITests.xctest */ = {isa = PBXFileReference; explicitFileType = wrapper.cfbundle; includeInIndex = 0; path = "Free Time TrackerUITests.xctest"; sourceTree = BUILT_PRODUCTS_DIR; };
		0E89EB202D45AB4100DCBE99 /* Free_Time_TrackerUITests.swift */ = {isa = PBXFileReference; lastKnownFileType = sourcecode.swift; path = Free_Time_TrackerUITests.swift; sourceTree = "<group>"; };
		0E89EB222D45AB4100DCBE99 /* Free_Time_TrackerUITestsLaunchTests.swift */ = {isa = PBXFileReference; lastKnownFileType = sourcecode.swift; path = Free_Time_TrackerUITestsLaunchTests.swift; sourceTree = "<group>"; };
/* End PBXFileReference section */

/* Begin PBXFrameworksBuildPhase section */
		0E89EAFF2D45AB4000DCBE99 /* Frameworks */ = {
			isa = PBXFrameworksBuildPhase;
			buildActionMask = 2147483647;
			files = (
			);
			runOnlyForDeploymentPostprocessing = 0;
		};
		0E89EB0F2D45AB4100DCBE99 /* Frameworks */ = {
			isa = PBXFrameworksBuildPhase;
			buildActionMask = 2147483647;
			files = (
			);
			runOnlyForDeploymentPostprocessing = 0;
		};
		0E89EB192D45AB4100DCBE99 /* Frameworks */ = {
			isa = PBXFrameworksBuildPhase;
			buildActionMask = 2147483647;
			files = (
			);
			runOnlyForDeploymentPostprocessing = 0;
		};
/* End PBXFrameworksBuildPhase section */

/* Begin PBXGroup section */
		0E31F77C2D46681800BDA817 /* Services */ = {
			isa = PBXGroup;
			children = (
				0E31F77A2D46677200BDA817 /* EventStatusService.swift */,
				0E31F7782D46672F00BDA817 /* TodoService.swift */,
				0E31F7762D46672000BDA817 /* DateFormatService.swift */,
			);
			path = Services;
			sourceTree = "<group>";
		};
		0E31F77D2D46682F00BDA817 /* Models */ = {
			isa = PBXGroup;
			children = (
				0E31F7742D46636F00BDA817 /* TodoModel.swift */,
			);
			path = Models;
			sourceTree = "<group>";
		};
		0E31F77E2D46683D00BDA817 /* Views */ = {
			isa = PBXGroup;
			children = (
				0E41CF082D464F7900C85783 /* TodoDetailView.swift */,
				0E41CF062D464F5900C85783 /* AddTodoView.swift */,
			);
			path = Views;
			sourceTree = "<group>";
		};
		0E89EAF92D45AB4000DCBE99 = {
			isa = PBXGroup;
			children = (
				0E89EB042D45AB4000DCBE99 /* Free Time Tracker */,
				0E89EB152D45AB4100DCBE99 /* Free Time TrackerTests */,
				0E89EB1F2D45AB4100DCBE99 /* Free Time TrackerUITests */,
				0E89EB032D45AB4000DCBE99 /* Products */,
			);
			sourceTree = "<group>";
		};
		0E89EB032D45AB4000DCBE99 /* Products */ = {
			isa = PBXGroup;
			children = (
				0E89EB022D45AB4000DCBE99 /* Free Time Tracker.app */,
				0E89EB122D45AB4100DCBE99 /* Free Time TrackerTests.xctest */,
				0E89EB1C2D45AB4100DCBE99 /* Free Time TrackerUITests.xctest */,
			);
			name = Products;
			sourceTree = "<group>";
		};
		0E89EB042D45AB4000DCBE99 /* Free Time Tracker */ = {
			isa = PBXGroup;
			children = (
				0E89EB052D45AB4000DCBE99 /* Free_Time_TrackerApp.swift */,
				0E31F77E2D46683D00BDA817 /* Views */,
				0E89EB072D45AB4000DCBE99 /* ContentView.swift */,
				0E31F77C2D46681800BDA817 /* Services */,
				0E31F77D2D46682F00BDA817 /* Models */,
				0E89EB092D45AB4100DCBE99 /* Assets.xcassets */,
				0E89EB0B2D45AB4100DCBE99 /* Preview Content */,
			);
			path = "Free Time Tracker";
			sourceTree = "<group>";
		};
		0E89EB0B2D45AB4100DCBE99 /* Preview Content */ = {
			isa = PBXGroup;
			children = (
				0E89EB0C2D45AB4100DCBE99 /* Preview Assets.xcassets */,
			);
			path = "Preview Content";
			sourceTree = "<group>";
		};
		0E89EB152D45AB4100DCBE99 /* Free Time TrackerTests */ = {
			isa = PBXGroup;
			children = (
				0E89EB162D45AB4100DCBE99 /* Free_Time_TrackerTests.swift */,
			);
			path = "Free Time TrackerTests";
			sourceTree = "<group>";
		};
		0E89EB1F2D45AB4100DCBE99 /* Free Time TrackerUITests */ = {
			isa = PBXGroup;
			children = (
				0E89EB202D45AB4100DCBE99 /* Free_Time_TrackerUITests.swift */,
				0E89EB222D45AB4100DCBE99 /* Free_Time_TrackerUITestsLaunchTests.swift */,
			);
			path = "Free Time TrackerUITests";
			sourceTree = "<group>";
		};
/* End PBXGroup section */

/* Begin PBXNativeTarget section */
		0E89EB012D45AB4000DCBE99 /* Free Time Tracker */ = {
			isa = PBXNativeTarget;
			buildConfigurationList = 0E89EB262D45AB4100DCBE99 /* Build configuration list for PBXNativeTarget "Free Time Tracker" */;
			buildPhases = (
				0E89EAFE2D45AB4000DCBE99 /* Sources */,
				0E89EAFF2D45AB4000DCBE99 /* Frameworks */,
				0E89EB002D45AB4000DCBE99 /* Resources */,
			);
			buildRules = (
			);
			dependencies = (
			);
			name = "Free Time Tracker";
			productName = "Free Time Tracker";
			productReference = 0E89EB022D45AB4000DCBE99 /* Free Time Tracker.app */;
			productType = "com.apple.product-type.application";
		};
		0E89EB112D45AB4100DCBE99 /* Free Time TrackerTests */ = {
			isa = PBXNativeTarget;
			buildConfigurationList = 0E89EB292D45AB4100DCBE99 /* Build configuration list for PBXNativeTarget "Free Time TrackerTests" */;
			buildPhases = (
				0E89EB0E2D45AB4100DCBE99 /* Sources */,
				0E89EB0F2D45AB4100DCBE99 /* Frameworks */,
				0E89EB102D45AB4100DCBE99 /* Resources */,
			);
			buildRules = (
			);
			dependencies = (
				0E89EB142D45AB4100DCBE99 /* PBXTargetDependency */,
			);
			name = "Free Time TrackerTests";
			productName = "Free Time TrackerTests";
			productReference = 0E89EB122D45AB4100DCBE99 /* Free Time TrackerTests.xctest */;
			productType = "com.apple.product-type.bundle.unit-test";
		};
		0E89EB1B2D45AB4100DCBE99 /* Free Time TrackerUITests */ = {
			isa = PBXNativeTarget;
			buildConfigurationList = 0E89EB2C2D45AB4100DCBE99 /* Build configuration list for PBXNativeTarget "Free Time TrackerUITests" */;
			buildPhases = (
				0E89EB182D45AB4100DCBE99 /* Sources */,
				0E89EB192D45AB4100DCBE99 /* Frameworks */,
				0E89EB1A2D45AB4100DCBE99 /* Resources */,
			);
			buildRules = (
			);
			dependencies = (
				0E89EB1E2D45AB4100DCBE99 /* PBXTargetDependency */,
			);
			name = "Free Time TrackerUITests";
			productName = "Free Time TrackerUITests";
			productReference = 0E89EB1C2D45AB4100DCBE99 /* Free Time TrackerUITests.xctest */;
			productType = "com.apple.product-type.bundle.ui-testing";
		};
/* End PBXNativeTarget section */

/* Begin PBXProject section */
		0E89EAFA2D45AB4000DCBE99 /* Project object */ = {
			isa = PBXProject;
			attributes = {
				BuildIndependentTargetsInParallel = 1;
				LastSwiftUpdateCheck = 1540;
				LastUpgradeCheck = 1540;
				TargetAttributes = {
					0E89EB012D45AB4000DCBE99 = {
						CreatedOnToolsVersion = 15.4;
					};
					0E89EB112D45AB4100DCBE99 = {
						CreatedOnToolsVersion = 15.4;
						TestTargetID = 0E89EB012D45AB4000DCBE99;
					};
					0E89EB1B2D45AB4100DCBE99 = {
						CreatedOnToolsVersion = 15.4;
						TestTargetID = 0E89EB012D45AB4000DCBE99;
					};
				};
			};
			buildConfigurationList = 0E89EAFD2D45AB4000DCBE99 /* Build configuration list for PBXProject "Free Time Tracker" */;
			compatibilityVersion = "Xcode 14.0";
			developmentRegion = en;
			hasScannedForEncodings = 0;
			knownRegions = (
				en,
				Base,
			);
			mainGroup = 0E89EAF92D45AB4000DCBE99;
			productRefGroup = 0E89EB032D45AB4000DCBE99 /* Products */;
			projectDirPath = "";
			projectRoot = "";
			targets = (
				0E89EB012D45AB4000DCBE99 /* Free Time Tracker */,
				0E89EB112D45AB4100DCBE99 /* Free Time TrackerTests */,
				0E89EB1B2D45AB4100DCBE99 /* Free Time TrackerUITests */,
			);
		};
/* End PBXProject section */

/* Begin PBXResourcesBuildPhase section */
		0E89EB002D45AB4000DCBE99 /* Resources */ = {
			isa = PBXResourcesBuildPhase;
			buildActionMask = 2147483647;
			files = (
				0E89EB0D2D45AB4100DCBE99 /* Preview Assets.xcassets in Resources */,
				0E89EB0A2D45AB4100DCBE99 /* Assets.xcassets in Resources */,
			);
			runOnlyForDeploymentPostprocessing = 0;
		};
		0E89EB102D45AB4100DCBE99 /* Resources */ = {
			isa = PBXResourcesBuildPhase;
			buildActionMask = 2147483647;
			files = (
			);
			runOnlyForDeploymentPostprocessing = 0;
		};
		0E89EB1A2D45AB4100DCBE99 /* Resources */ = {
			isa = PBXResourcesBuildPhase;
			buildActionMask = 2147483647;
			files = (
			);
			runOnlyForDeploymentPostprocessing = 0;
		};
/* End PBXResourcesBuildPhase section */

/* Begin PBXSourcesBuildPhase section */
		0E89EAFE2D45AB4000DCBE99 /* Sources */ = {
			isa = PBXSourcesBuildPhase;
			buildActionMask = 2147483647;
			files = (
				0E89EB082D45AB4000DCBE99 /* ContentView.swift in Sources */,
				0E89EB062D45AB4000DCBE99 /* Free_Time_TrackerApp.swift in Sources */,
				0E31F77B2D46677200BDA817 /* EventStatusService.swift in Sources */,
				0E41CF072D464F5900C85783 /* AddTodoView.swift in Sources */,
				0E31F7752D46636F00BDA817 /* TodoModel.swift in Sources */,
				0E31F7792D46672F00BDA817 /* TodoService.swift in Sources */,
				0E31F7772D46672000BDA817 /* DateFormatService.swift in Sources */,
				0E41CF092D464F7900C85783 /* TodoDetailView.swift in Sources */,
			);
			runOnlyForDeploymentPostprocessing = 0;
		};
		0E89EB0E2D45AB4100DCBE99 /* Sources */ = {
			isa = PBXSourcesBuildPhase;
			buildActionMask = 2147483647;
			files = (
				0E89EB172D45AB4100DCBE99 /* Free_Time_TrackerTests.swift in Sources */,
			);
			runOnlyForDeploymentPostprocessing = 0;
		};
		0E89EB182D45AB4100DCBE99 /* Sources */ = {
			isa = PBXSourcesBuildPhase;
			buildActionMask = 2147483647;
			files = (
				0E89EB232D45AB4100DCBE99 /* Free_Time_TrackerUITestsLaunchTests.swift in Sources */,
				0E89EB212D45AB4100DCBE99 /* Free_Time_TrackerUITests.swift in Sources */,
			);
			runOnlyForDeploymentPostprocessing = 0;
		};
/* End PBXSourcesBuildPhase section */

/* Begin PBXTargetDependency section */
		0E89EB142D45AB4100DCBE99 /* PBXTargetDependency */ = {
			isa = PBXTargetDependency;
			target = 0E89EB012D45AB4000DCBE99 /* Free Time Tracker */;
			targetProxy = 0E89EB132D45AB4100DCBE99 /* PBXContainerItemProxy */;
		};
		0E89EB1E2D45AB4100DCBE99 /* PBXTargetDependency */ = {
			isa = PBXTargetDependency;
			target = 0E89EB012D45AB4000DCBE99 /* Free Time Tracker */;
			targetProxy = 0E89EB1D2D45AB4100DCBE99 /* PBXContainerItemProxy */;
		};
/* End PBXTargetDependency section */

/* Begin XCBuildConfiguration section */
		0E89EB242D45AB4100DCBE99 /* Debug */ = {
			isa = XCBuildConfiguration;
			buildSettings = {
				ALWAYS_SEARCH_USER_PATHS = NO;
				ASSETCATALOG_COMPILER_GENERATE_SWIFT_ASSET_SYMBOL_EXTENSIONS = YES;
				CLANG_ANALYZER_NONNULL = YES;
				CLANG_ANALYZER_NUMBER_OBJECT_CONVERSION = YES_AGGRESSIVE;
				CLANG_CXX_LANGUAGE_STANDARD = "gnu++20";
				CLANG_ENABLE_MODULES = YES;
				CLANG_ENABLE_OBJC_ARC = YES;
				CLANG_ENABLE_OBJC_WEAK = YES;
				CLANG_WARN_BLOCK_CAPTURE_AUTORELEASING = YES;
				CLANG_WARN_BOOL_CONVERSION = YES;
				CLANG_WARN_COMMA = YES;
				CLANG_WARN_CONSTANT_CONVERSION = YES;
				CLANG_WARN_DEPRECATED_OBJC_IMPLEMENTATIONS = YES;
				CLANG_WARN_DIRECT_OBJC_ISA_USAGE = YES_ERROR;
				CLANG_WARN_DOCUMENTATION_COMMENTS = YES;
				CLANG_WARN_EMPTY_BODY = YES;
				CLANG_WARN_ENUM_CONVERSION = YES;
				CLANG_WARN_INFINITE_RECURSION = YES;
				CLANG_WARN_INT_CONVERSION = YES;
				CLANG_WARN_NON_LITERAL_NULL_CONVERSION = YES;
				CLANG_WARN_OBJC_IMPLICIT_RETAIN_SELF = YES;
				CLANG_WARN_OBJC_LITERAL_CONVERSION = YES;
				CLANG_WARN_OBJC_ROOT_CLASS = YES_ERROR;
				CLANG_WARN_QUOTED_INCLUDE_IN_FRAMEWORK_HEADER = YES;
				CLANG_WARN_RANGE_LOOP_ANALYSIS = YES;
				CLANG_WARN_STRICT_PROTOTYPES = YES;
				CLANG_WARN_SUSPICIOUS_MOVE = YES;
				CLANG_WARN_UNGUARDED_AVAILABILITY = YES_AGGRESSIVE;
				CLANG_WARN_UNREACHABLE_CODE = YES;
				CLANG_WARN__DUPLICATE_METHOD_MATCH = YES;
				COPY_PHASE_STRIP = NO;
				DEBUG_INFORMATION_FORMAT = dwarf;
				ENABLE_STRICT_OBJC_MSGSEND = YES;
				ENABLE_TESTABILITY = YES;
				ENABLE_USER_SCRIPT_SANDBOXING = YES;
				GCC_C_LANGUAGE_STANDARD = gnu17;
				GCC_DYNAMIC_NO_PIC = NO;
				GCC_NO_COMMON_BLOCKS = YES;
				GCC_OPTIMIZATION_LEVEL = 0;
				GCC_PREPROCESSOR_DEFINITIONS = (
					"DEBUG=1",
					"$(inherited)",
				);
				GCC_WARN_64_TO_32_BIT_CONVERSION = YES;
				GCC_WARN_ABOUT_RETURN_TYPE = YES_ERROR;
				GCC_WARN_UNDECLARED_SELECTOR = YES;
				GCC_WARN_UNINITIALIZED_AUTOS = YES_AGGRESSIVE;
				GCC_WARN_UNUSED_FUNCTION = YES;
				GCC_WARN_UNUSED_VARIABLE = YES;
				IPHONEOS_DEPLOYMENT_TARGET = 17.5;
				LOCALIZATION_PREFERS_STRING_CATALOGS = YES;
				MTL_ENABLE_DEBUG_INFO = INCLUDE_SOURCE;
				MTL_FAST_MATH = YES;
				ONLY_ACTIVE_ARCH = YES;
				SDKROOT = iphoneos;
				SWIFT_ACTIVE_COMPILATION_CONDITIONS = "DEBUG $(inherited)";
				SWIFT_OPTIMIZATION_LEVEL = "-Onone";
			};
			name = Debug;
		};
		0E89EB252D45AB4100DCBE99 /* Release */ = {
			isa = XCBuildConfiguration;
			buildSettings = {
				ALWAYS_SEARCH_USER_PATHS = NO;
				ASSETCATALOG_COMPILER_GENERATE_SWIFT_ASSET_SYMBOL_EXTENSIONS = YES;
				CLANG_ANALYZER_NONNULL = YES;
				CLANG_ANALYZER_NUMBER_OBJECT_CONVERSION = YES_AGGRESSIVE;
				CLANG_CXX_LANGUAGE_STANDARD = "gnu++20";
				CLANG_ENABLE_MODULES = YES;
				CLANG_ENABLE_OBJC_ARC = YES;
				CLANG_ENABLE_OBJC_WEAK = YES;
				CLANG_WARN_BLOCK_CAPTURE_AUTORELEASING = YES;
				CLANG_WARN_BOOL_CONVERSION = YES;
				CLANG_WARN_COMMA = YES;
				CLANG_WARN_CONSTANT_CONVERSION = YES;
				CLANG_WARN_DEPRECATED_OBJC_IMPLEMENTATIONS = YES;
				CLANG_WARN_DIRECT_OBJC_ISA_USAGE = YES_ERROR;
				CLANG_WARN_DOCUMENTATION_COMMENTS = YES;
				CLANG_WARN_EMPTY_BODY = YES;
				CLANG_WARN_ENUM_CONVERSION = YES;
				CLANG_WARN_INFINITE_RECURSION = YES;
				CLANG_WARN_INT_CONVERSION = YES;
				CLANG_WARN_NON_LITERAL_NULL_CONVERSION = YES;
				CLANG_WARN_OBJC_IMPLICIT_RETAIN_SELF = YES;
				CLANG_WARN_OBJC_LITERAL_CONVERSION = YES;
				CLANG_WARN_OBJC_ROOT_CLASS = YES_ERROR;
				CLANG_WARN_QUOTED_INCLUDE_IN_FRAMEWORK_HEADER = YES;
				CLANG_WARN_RANGE_LOOP_ANALYSIS = YES;
				CLANG_WARN_STRICT_PROTOTYPES = YES;
				CLANG_WARN_SUSPICIOUS_MOVE = YES;
				CLANG_WARN_UNGUARDED_AVAILABILITY = YES_AGGRESSIVE;
				CLANG_WARN_UNREACHABLE_CODE = YES;
				CLANG_WARN__DUPLICATE_METHOD_MATCH = YES;
				COPY_PHASE_STRIP = NO;
				DEBUG_INFORMATION_FORMAT = "dwarf-with-dsym";
				ENABLE_NS_ASSERTIONS = NO;
				ENABLE_STRICT_OBJC_MSGSEND = YES;
				ENABLE_USER_SCRIPT_SANDBOXING = YES;
				GCC_C_LANGUAGE_STANDARD = gnu17;
				GCC_NO_COMMON_BLOCKS = YES;
				GCC_WARN_64_TO_32_BIT_CONVERSION = YES;
				GCC_WARN_ABOUT_RETURN_TYPE = YES_ERROR;
				GCC_WARN_UNDECLARED_SELECTOR = YES;
				GCC_WARN_UNINITIALIZED_AUTOS = YES_AGGRESSIVE;
				GCC_WARN_UNUSED_FUNCTION = YES;
				GCC_WARN_UNUSED_VARIABLE = YES;
				IPHONEOS_DEPLOYMENT_TARGET = 17.5;
				LOCALIZATION_PREFERS_STRING_CATALOGS = YES;
				MTL_ENABLE_DEBUG_INFO = NO;
				MTL_FAST_MATH = YES;
				SDKROOT = iphoneos;
				SWIFT_COMPILATION_MODE = wholemodule;
				VALIDATE_PRODUCT = YES;
			};
			name = Release;
		};
		0E89EB272D45AB4100DCBE99 /* Debug */ = {
			isa = XCBuildConfiguration;
			buildSettings = {
				ASSETCATALOG_COMPILER_APPICON_NAME = AppIcon;
				ASSETCATALOG_COMPILER_GLOBAL_ACCENT_COLOR_NAME = AccentColor;
				CODE_SIGN_STYLE = Automatic;
				CURRENT_PROJECT_VERSION = 1;
				DEVELOPMENT_ASSET_PATHS = "\"Free Time Tracker/Preview Content\"";
				DEVELOPMENT_TEAM = 32UYSRFJ59;
				ENABLE_PREVIEWS = YES;
				GENERATE_INFOPLIST_FILE = YES;
				INFOPLIST_KEY_UIApplicationSceneManifest_Generation = YES;
				INFOPLIST_KEY_UIApplicationSupportsIndirectInputEvents = YES;
				INFOPLIST_KEY_UILaunchScreen_Generation = YES;
				INFOPLIST_KEY_UISupportedInterfaceOrientations_iPad = "UIInterfaceOrientationPortrait UIInterfaceOrientationPortraitUpsideDown UIInterfaceOrientationLandscapeLeft UIInterfaceOrientationLandscapeRight";
				INFOPLIST_KEY_UISupportedInterfaceOrientations_iPhone = "UIInterfaceOrientationPortrait UIInterfaceOrientationLandscapeLeft UIInterfaceOrientationLandscapeRight";
				LD_RUNPATH_SEARCH_PATHS = (
					"$(inherited)",
					"@executable_path/Frameworks",
				);
				MARKETING_VERSION = 1.0;
				PRODUCT_BUNDLE_IDENTIFIER = "com.JackPexton.Free-Time-Tracker";
				PRODUCT_NAME = "$(TARGET_NAME)";
				SWIFT_EMIT_LOC_STRINGS = YES;
				SWIFT_VERSION = 5.0;
				TARGETED_DEVICE_FAMILY = "1,2";
			};
			name = Debug;
		};
		0E89EB282D45AB4100DCBE99 /* Release */ = {
			isa = XCBuildConfiguration;
			buildSettings = {
				ASSETCATALOG_COMPILER_APPICON_NAME = AppIcon;
				ASSETCATALOG_COMPILER_GLOBAL_ACCENT_COLOR_NAME = AccentColor;
				CODE_SIGN_STYLE = Automatic;
				CURRENT_PROJECT_VERSION = 1;
				DEVELOPMENT_ASSET_PATHS = "\"Free Time Tracker/Preview Content\"";
				DEVELOPMENT_TEAM = 32UYSRFJ59;
				ENABLE_PREVIEWS = YES;
				GENERATE_INFOPLIST_FILE = YES;
				INFOPLIST_KEY_UIApplicationSceneManifest_Generation = YES;
				INFOPLIST_KEY_UIApplicationSupportsIndirectInputEvents = YES;
				INFOPLIST_KEY_UILaunchScreen_Generation = YES;
				INFOPLIST_KEY_UISupportedInterfaceOrientations_iPad = "UIInterfaceOrientationPortrait UIInterfaceOrientationPortraitUpsideDown UIInterfaceOrientationLandscapeLeft UIInterfaceOrientationLandscapeRight";
				INFOPLIST_KEY_UISupportedInterfaceOrientations_iPhone = "UIInterfaceOrientationPortrait UIInterfaceOrientationLandscapeLeft UIInterfaceOrientationLandscapeRight";
				LD_RUNPATH_SEARCH_PATHS = (
					"$(inherited)",
					"@executable_path/Frameworks",
				);
				MARKETING_VERSION = 1.0;
				PRODUCT_BUNDLE_IDENTIFIER = "com.JackPexton.Free-Time-Tracker";
				PRODUCT_NAME = "$(TARGET_NAME)";
				SWIFT_EMIT_LOC_STRINGS = YES;
				SWIFT_VERSION = 5.0;
				TARGETED_DEVICE_FAMILY = "1,2";
			};
			name = Release;
		};
		0E89EB2A2D45AB4100DCBE99 /* Debug */ = {
			isa = XCBuildConfiguration;
			buildSettings = {
				ALWAYS_EMBED_SWIFT_STANDARD_LIBRARIES = YES;
				BUNDLE_LOADER = "$(TEST_HOST)";
				CODE_SIGN_STYLE = Automatic;
				CURRENT_PROJECT_VERSION = 1;
				DEVELOPMENT_TEAM = 32UYSRFJ59;
				GENERATE_INFOPLIST_FILE = YES;
				IPHONEOS_DEPLOYMENT_TARGET = 17.5;
				MARKETING_VERSION = 1.0;
				PRODUCT_BUNDLE_IDENTIFIER = "com.JackPexton.Free-Time-TrackerTests";
				PRODUCT_NAME = "$(TARGET_NAME)";
				SWIFT_EMIT_LOC_STRINGS = NO;
				SWIFT_VERSION = 5.0;
				TARGETED_DEVICE_FAMILY = "1,2";
				TEST_HOST = "$(BUILT_PRODUCTS_DIR)/Free Time Tracker.app/$(BUNDLE_EXECUTABLE_FOLDER_PATH)/Free Time Tracker";
			};
			name = Debug;
		};
		0E89EB2B2D45AB4100DCBE99 /* Release */ = {
			isa = XCBuildConfiguration;
			buildSettings = {
				ALWAYS_EMBED_SWIFT_STANDARD_LIBRARIES = YES;
				BUNDLE_LOADER = "$(TEST_HOST)";
				CODE_SIGN_STYLE = Automatic;
				CURRENT_PROJECT_VERSION = 1;
				DEVELOPMENT_TEAM = 32UYSRFJ59;
				GENERATE_INFOPLIST_FILE = YES;
				IPHONEOS_DEPLOYMENT_TARGET = 17.5;
				MARKETING_VERSION = 1.0;
				PRODUCT_BUNDLE_IDENTIFIER = "com.JackPexton.Free-Time-TrackerTests";
				PRODUCT_NAME = "$(TARGET_NAME)";
				SWIFT_EMIT_LOC_STRINGS = NO;
				SWIFT_VERSION = 5.0;
				TARGETED_DEVICE_FAMILY = "1,2";
				TEST_HOST = "$(BUILT_PRODUCTS_DIR)/Free Time Tracker.app/$(BUNDLE_EXECUTABLE_FOLDER_PATH)/Free Time Tracker";
			};
			name = Release;
		};
		0E89EB2D2D45AB4100DCBE99 /* Debug */ = {
			isa = XCBuildConfiguration;
			buildSettings = {
				ALWAYS_EMBED_SWIFT_STANDARD_LIBRARIES = YES;
				CODE_SIGN_STYLE = Automatic;
				CURRENT_PROJECT_VERSION = 1;
				DEVELOPMENT_TEAM = 32UYSRFJ59;
				GENERATE_INFOPLIST_FILE = YES;
				MARKETING_VERSION = 1.0;
				PRODUCT_BUNDLE_IDENTIFIER = "com.JackPexton.Free-Time-TrackerUITests";
				PRODUCT_NAME = "$(TARGET_NAME)";
				SWIFT_EMIT_LOC_STRINGS = NO;
				SWIFT_VERSION = 5.0;
				TARGETED_DEVICE_FAMILY = "1,2";
				TEST_TARGET_NAME = "Free Time Tracker";
			};
			name = Debug;
		};
		0E89EB2E2D45AB4100DCBE99 /* Release */ = {
			isa = XCBuildConfiguration;
			buildSettings = {
				ALWAYS_EMBED_SWIFT_STANDARD_LIBRARIES = YES;
				CODE_SIGN_STYLE = Automatic;
				CURRENT_PROJECT_VERSION = 1;
				DEVELOPMENT_TEAM = 32UYSRFJ59;
				GENERATE_INFOPLIST_FILE = YES;
				MARKETING_VERSION = 1.0;
				PRODUCT_BUNDLE_IDENTIFIER = "com.JackPexton.Free-Time-TrackerUITests";
				PRODUCT_NAME = "$(TARGET_NAME)";
				SWIFT_EMIT_LOC_STRINGS = NO;
				SWIFT_VERSION = 5.0;
				TARGETED_DEVICE_FAMILY = "1,2";
				TEST_TARGET_NAME = "Free Time Tracker";
			};
			name = Release;
		};
/* End XCBuildConfiguration section */

/* Begin XCConfigurationList section */
		0E89EAFD2D45AB4000DCBE99 /* Build configuration list for PBXProject "Free Time Tracker" */ = {
			isa = XCConfigurationList;
			buildConfigurations = (
				0E89EB242D45AB4100DCBE99 /* Debug */,
				0E89EB252D45AB4100DCBE99 /* Release */,
			);
			defaultConfigurationIsVisible = 0;
			defaultConfigurationName = Release;
		};
		0E89EB262D45AB4100DCBE99 /* Build configuration list for PBXNativeTarget "Free Time Tracker" */ = {
			isa = XCConfigurationList;
			buildConfigurations = (
				0E89EB272D45AB4100DCBE99 /* Debug */,
				0E89EB282D45AB4100DCBE99 /* Release */,
			);
			defaultConfigurationIsVisible = 0;
			defaultConfigurationName = Release;
		};
		0E89EB292D45AB4100DCBE99 /* Build configuration list for PBXNativeTarget "Free Time TrackerTests" */ = {
			isa = XCConfigurationList;
			buildConfigurations = (
				0E89EB2A2D45AB4100DCBE99 /* Debug */,
				0E89EB2B2D45AB4100DCBE99 /* Release */,
			);
			defaultConfigurationIsVisible = 0;
			defaultConfigurationName = Release;
		};
		0E89EB2C2D45AB4100DCBE99 /* Build configuration list for PBXNativeTarget "Free Time TrackerUITests" */ = {
			isa = XCConfigurationList;
			buildConfigurations = (
				0E89EB2D2D45AB4100DCBE99 /* Debug */,
				0E89EB2E2D45AB4100DCBE99 /* Release */,
			);
			defaultConfigurationIsVisible = 0;
			defaultConfigurationName = Release;
		};
/* End XCConfigurationList section */
	};
	rootObject = 0E89EAFA2D45AB4000DCBE99 /* Project object */;
}
